
Microsoft Visual Studio Solution File, Format Version 12.00
# Visual Studio Version 17
VisualStudioVersion = 17.8.34330.188
MinimumVisualStudioVersion = 10.0.40219.1
Project("{FAE04EC0-301F-11D3-BF4B-00C04F79EFBC}") = "WebAppMovies", "WebAppMovies\WebAppMovies.csproj", "{3283D4BB-ACA4-461E-9FBE-73CAD0441291}"
EndProject
Global
	GlobalSection(SolutionConfigurationPlatforms) = preSolution
		Debug|Any CPU = Debug|Any CPU
		Release|Any CPU = Release|Any CPU
	EndGlobalSection
	GlobalSection(ProjectConfigurationPlatforms) = postSolution
		{3283D4BB-ACA4-461E-9FBE-73CAD0441291}.Debug|Any CPU.ActiveCfg = Debug|Any CPU
		{3283D4BB-ACA4-461E-9FBE-73CAD0441291}.Debug|Any CPU.Build.0 = Debug|Any CPU
		{3283D4BB-ACA4-461E-9FBE-73CAD0441291}.Release|Any CPU.ActiveCfg = Release|Any CPU
		{3283D4BB-ACA4-461E-9FBE-73CAD0441291}.Release|Any CPU.Build.0 = Release|Any CPU
	EndGlobalSection
	GlobalSection(SolutionProperties) = preSolution
		HideSolutionNode = FALSE
	EndGlobalSection
	GlobalSection(ExtensibilityGlobals) = postSolution
		SolutionGuid = {CF504EE2-2775-4F9D-80AB-DAFA485B6EF2}
	EndGlobalSection
EndGlobal
